
Microsoft Visual Studio Solution File, Format Version 12.00
# Visual Studio 15
VisualStudioVersion = 15.0.27130.2036
MinimumVisualStudioVersion = 10.0.40219.1
Project("{FAE04EC0-301F-11D3-BF4B-00C04F79EFBC}") = "PrimeiroWindowsForms", "PrimeiroWindowsForms\PrimeiroWindowsForms.csproj", "{9BFCB16A-3315-4E65-A7F2-695B6B03175F}"
EndProject
Global
	GlobalSection(SolutionConfigurationPlatforms) = preSolution
		Debug|Any CPU = Debug|Any CPU
		Release|Any CPU = Release|Any CPU
	EndGlobalSection
	GlobalSection(ProjectConfigurationPlatforms) = postSolution
		{9BFCB16A-3315-4E65-A7F2-695B6B03175F}.Debug|Any CPU.ActiveCfg = Debug|Any CPU
		{9BFCB16A-3315-4E65-A7F2-695B6B03175F}.Debug|Any CPU.Build.0 = Debug|Any CPU
		{9BFCB16A-3315-4E65-A7F2-695B6B03175F}.Release|Any CPU.ActiveCfg = Release|Any CPU
		{9BFCB16A-3315-4E65-A7F2-695B6B03175F}.Release|Any CPU.Build.0 = Release|Any CPU
	EndGlobalSection
	GlobalSection(SolutionProperties) = preSolution
		HideSolutionNode = FALSE
	EndGlobalSection
	GlobalSection(ExtensibilityGlobals) = postSolution
		SolutionGuid = {63BB4A6B-40A9-440E-931F-AD783FE338F7}
	EndGlobalSection
EndGlobal
